
Microsoft Visual Studio Solution File, Format Version 12.00
# Visual Studio 2012
Project("{FAE04EC0-301F-11D3-BF4B-00C04F79EFBC}") = "Ext.Direct.Mvc3", "src\Ext.Direct.Mvc\Ext.Direct.Mvc3.csproj", "{A521832A-D1FB-468F-BA7C-1FAE0F7F45EA}"
EndProject
Project("{FAE04EC0-301F-11D3-BF4B-00C04F79EFBC}") = "Ext.Direct.Mvc3Test", "test\Ext.Direct.Mvc3Test\Ext.Direct.Mvc3Test.csproj", "{D689FA7E-74DC-477B-A69F-EA6FF4C7739B}"
EndProject
Project("{2150E333-8FDC-42A3-9474-1A3956D46DE8}") = ".nuget", ".nuget", "{64FA027D-43BA-4FF9-B83C-C6B39B7B73D5}"
	ProjectSection(SolutionItems) = preProject
		.nuget\NuGet.Config = .nuget\NuGet.Config
		.nuget\NuGet.exe = .nuget\NuGet.exe
		.nuget\NuGet.targets = .nuget\NuGet.targets
	EndProjectSection
EndProject
Global
	GlobalSection(SolutionConfigurationPlatforms) = preSolution
		Debug|Any CPU = Debug|Any CPU
		Release|Any CPU = Release|Any CPU
	EndGlobalSection
	GlobalSection(ProjectConfigurationPlatforms) = postSolution
		{A521832A-D1FB-468F-BA7C-1FAE0F7F45EA}.Debug|Any CPU.ActiveCfg = Debug|Any CPU
		{A521832A-D1FB-468F-BA7C-1FAE0F7F45EA}.Debug|Any CPU.Build.0 = Debug|Any CPU
		{A521832A-D1FB-468F-BA7C-1FAE0F7F45EA}.Release|Any CPU.ActiveCfg = Release|Any CPU
		{A521832A-D1FB-468F-BA7C-1FAE0F7F45EA}.Release|Any CPU.Build.0 = Release|Any CPU
		{D689FA7E-74DC-477B-A69F-EA6FF4C7739B}.Debug|Any CPU.ActiveCfg = Debug|Any CPU
		{D689FA7E-74DC-477B-A69F-EA6FF4C7739B}.Debug|Any CPU.Build.0 = Debug|Any CPU
		{D689FA7E-74DC-477B-A69F-EA6FF4C7739B}.Release|Any CPU.ActiveCfg = Release|Any CPU
		{D689FA7E-74DC-477B-A69F-EA6FF4C7739B}.Release|Any CPU.Build.0 = Release|Any CPU
	EndGlobalSection
	GlobalSection(SolutionProperties) = preSolution
		HideSolutionNode = FALSE
	EndGlobalSection
EndGlobal
